{
  "version": 4,
  "terraform_version": "1.8.5",
  "serial": 427,
  "lineage": "aedc7e5b-d589-59ec-4975-2f4e434eec99",
  "outputs": {},
  "resources": [
    {
      "module": "module.ecr_registry",
      "mode": "managed",
      "type": "aws_ecr_repository",
      "name": "main",
      "provider": "provider[\"registry.terraform.io/hashicorp/aws\"]",
      "instances": [
        {
          "schema_version": 0,
          "attributes": {
            "arn": "arn:aws:ecr:us-east-1:426111265778:repository/group3-nodejs-app",
            "encryption_configuration": [
              {
                "encryption_type": "AES256",
                "kms_key": ""
              }
            ],
            "force_delete": null,
            "id": "group3-nodejs-app",
            "image_scanning_configuration": [
              {
                "scan_on_push": false
              }
            ],
            "image_tag_mutability": "MUTABLE",
            "name": "group3-nodejs-app",
            "registry_id": "426111265778",
            "repository_url": "426111265778.dkr.ecr.us-east-1.amazonaws.com/group3-nodejs-app",
            "tags": {},
            "tags_all": {},
            "timeouts": null
          },
          "sensitive_attributes": [],
          "private": "eyJlMmJmYjczMC1lY2FhLTExZTYtOGY4OC0zNDM2M2JjN2M0YzAiOnsiZGVsZXRlIjoxMjAwMDAwMDAwMDAwfX0="
        }
      ]
    }
  ],
  "check_results": null
}
